
Microsoft Visual Studio Solution File, Format Version 11.00
# Visual Studio 2010
Project("{8BC9CEB8-8B4A-11D0-8D11-00A0C91BC942}") = "RPQ", "RPQ\RPQ.vcxproj", "{508B3A09-3565-42CE-A344-A26EF3669A3D}"
EndProject
Global
	GlobalSection(SolutionConfigurationPlatforms) = preSolution
		Debug|Win32 = Debug|Win32
		Release|Win32 = Release|Win32
	EndGlobalSection
	GlobalSection(ProjectConfigurationPlatforms) = postSolution
		{508B3A09-3565-42CE-A344-A26EF3669A3D}.Debug|Win32.ActiveCfg = Debug|Win32
		{508B3A09-3565-42CE-A344-A26EF3669A3D}.Debug|Win32.Build.0 = Debug|Win32
		{508B3A09-3565-42CE-A344-A26EF3669A3D}.Release|Win32.ActiveCfg = Release|Win32
		{508B3A09-3565-42CE-A344-A26EF3669A3D}.Release|Win32.Build.0 = Release|Win32
	EndGlobalSection
	GlobalSection(SolutionProperties) = preSolution
		HideSolutionNode = FALSE
	EndGlobalSection
EndGlobal
